{
  "originHash" : "05b8e12b6028335570727ffede252fdf15a4f467b0fb7cf50eff42f832fe5313",
  "pins" : [
    {
      "identity" : "grdb.swift",
      "kind" : "remoteSourceControl",
      "location" : "https://github.com/groue/GRDB.swift.git",
      "state" : {
        "revision" : "18497b68fdbb3a09528d260a0a0e1e7e61c8c53d",
        "version" : "7.8.0"
      }
    },
    {
      "identity" : "permissionskit",
      "kind" : "remoteSourceControl",
      "location" : "https://github.com/MacPaw/PermissionsKit.git",
      "state" : {
        "branch" : "master",
        "revision" : "527713f054cf34f1e22c663e9a5c281724247067"
      }
    },
    {
      "identity" : "swiftsoup",
      "kind" : "remoteSourceControl",
      "location" : "https://github.com/scinfu/SwiftSoup.git",
      "state" : {
        "revision" : "dba183c96b2da4e4b80bb31b1e2e59cb9542b8fc",
        "version" : "2.13.0"
      }
    }
  ],
  "version" : 3
}
