{
  "originHash" : "e15d4726d2a54fa8342d701124a5f422dab05ebbf10ec4c4a721809deccb3911",
  "pins" : [
    {
      "identity" : "grdb.swift",
      "kind" : "remoteSourceControl",
      "location" : "https://github.com/groue/GRDB.swift.git",
      "state" : {
        "revision" : "18497b68fdbb3a09528d260a0a0e1e7e61c8c53d",
        "version" : "7.8.0"
      }
    },
    {
      "identity" : "permissionskit",
      "kind" : "remoteSourceControl",
      "location" : "https://github.com/MacPaw/PermissionsKit.git",
      "state" : {
        "branch" : "master",
        "revision" : "527713f054cf34f1e22c663e9a5c281724247067"
      }
    },
    {
      "identity" : "swiftsoup",
      "kind" : "remoteSourceControl",
      "location" : "https://github.com/scinfu/SwiftSoup.git",
      "state" : {
        "revision" : "dba183c96b2da4e4b80bb31b1e2e59cb9542b8fc",
        "version" : "2.13.0"
      }
    },
    {
      "identity" : "tdlibframework",
      "kind" : "remoteSourceControl",
      "location" : "https://github.com/Swiftgram/TDLibFramework",
      "state" : {
        "revision" : "7a7b0091800b5e9fd020fd69ebd70777749e3ce1",
        "version" : "1.8.62-af0cb1d3"
      }
    },
    {
      "identity" : "tdlibkit",
      "kind" : "remoteSourceControl",
      "location" : "https://github.com/Swiftgram/TDLibKit",
      "state" : {
        "branch" : "main",
        "revision" : "5d78f764185e4e4e11493bf4aaf7ed3708d34497"
      }
    }
  ],
  "version" : 3
}
