{
  "originHash" : "b7dd57dfdd8c0511f55dd7d6dc0b8108b5b56dcc3c444a2b51e00ca5964b9e79",
  "pins" : [
    {
      "identity" : "grdb.swift",
      "kind" : "remoteSourceControl",
      "location" : "https://github.com/groue/GRDB.swift.git",
      "state" : {
        "revision" : "36e30a6f1ef10e4194f6af0cff90888526f0c115",
        "version" : "7.10.0"
      }
    },
    {
      "identity" : "permissionskit",
      "kind" : "remoteSourceControl",
      "location" : "https://github.com/MacPaw/PermissionsKit.git",
      "state" : {
        "branch" : "master",
        "revision" : "527713f054cf34f1e22c663e9a5c281724247067"
      }
    },
    {
      "identity" : "swiftsoup",
      "kind" : "remoteSourceControl",
      "location" : "https://github.com/scinfu/SwiftSoup.git",
      "state" : {
        "revision" : "dba183c96b2da4e4b80bb31b1e2e59cb9542b8fc",
        "version" : "2.13.0"
      }
    }
  ],
  "version" : 3
}
